
Microsoft Visual Studio Solution File, Format Version 12.00
# Visual Studio Version 16
VisualStudioVersion = 16.0.30204.135
MinimumVisualStudioVersion = 10.0.40219.1
Project("{9A19103F-16F7-4668-BE54-9A1E7A4F7556}") = "ReflectionTask", "ReflectionTask\ReflectionTask.csproj", "{4EBF176E-A00E-4EFF-9B2E-4A3C641969BF}"
EndProject
Project("{9A19103F-16F7-4668-BE54-9A1E7A4F7556}") = "ReflectionTest", "..\..\..\source\repos\ReflectionTest\ReflectionTest\ReflectionTest.csproj", "{D20E41D9-B043-4ED1-A564-F6F987AB12F7}"
EndProject
Global
	GlobalSection(SolutionConfigurationPlatforms) = preSolution
		Debug|Any CPU = Debug|Any CPU
		Release|Any CPU = Release|Any CPU
	EndGlobalSection
	GlobalSection(ProjectConfigurationPlatforms) = postSolution
		{4EBF176E-A00E-4EFF-9B2E-4A3C641969BF}.Debug|Any CPU.ActiveCfg = Debug|Any CPU
		{4EBF176E-A00E-4EFF-9B2E-4A3C641969BF}.Debug|Any CPU.Build.0 = Debug|Any CPU
		{4EBF176E-A00E-4EFF-9B2E-4A3C641969BF}.Release|Any CPU.ActiveCfg = Release|Any CPU
		{4EBF176E-A00E-4EFF-9B2E-4A3C641969BF}.Release|Any CPU.Build.0 = Release|Any CPU
		{D20E41D9-B043-4ED1-A564-F6F987AB12F7}.Debug|Any CPU.ActiveCfg = Debug|Any CPU
		{D20E41D9-B043-4ED1-A564-F6F987AB12F7}.Debug|Any CPU.Build.0 = Debug|Any CPU
		{D20E41D9-B043-4ED1-A564-F6F987AB12F7}.Release|Any CPU.ActiveCfg = Release|Any CPU
		{D20E41D9-B043-4ED1-A564-F6F987AB12F7}.Release|Any CPU.Build.0 = Release|Any CPU
	EndGlobalSection
	GlobalSection(SolutionProperties) = preSolution
		HideSolutionNode = FALSE
	EndGlobalSection
	GlobalSection(ExtensibilityGlobals) = postSolution
		SolutionGuid = {DAE60D81-0A22-4F9A-B3A6-CE49DDAA7FEC}
	EndGlobalSection
EndGlobal
